{
  "requires": true,
  "lockfileVersion": 1,
  "dependencies": {
    "ajax": {
      "version": "0.0.4",
      "resolved": "https://registry.npmjs.org/ajax/-/ajax-0.0.4.tgz",
      "integrity": "sha1-tvTOi9WQ9fS6Lc/eEd54nyCfJCM=",
      "requires": {
        "underscore": "^1.11.0"
      }
    },
    "alertify": {
      "version": "0.3.0",
      "resolved": "https://registry.npmjs.org/alertify/-/alertify-0.3.0.tgz",
      "integrity": "sha1-Mq2jKY/02RrOcfJ0bXCRCnvQgTU="
    },
    "underscore": {
      "version": "1.11.0",
      "resolved": "https://registry.npmjs.org/underscore/-/underscore-1.11.0.tgz",
      "integrity": "sha512-xY96SsN3NA461qIRKZ/+qox37YXPtSBswMGfiNptr+wrt6ds4HaMw23TP612fEyGekRE6LNRiLYr/aqbHXNedw=="
    }
  }
}
